STORAGE: NONE
RESTRICTION: == net7.0
NUGET
  remote: https://api.nuget.org/v3/index.json
    Google.Api.CommonProtos (2.9)
      Google.Protobuf (>= 3.22 < 4.0)
    Google.Api.Gax (4.3.1)
      Microsoft.Bcl.AsyncInterfaces (>= 6.0)
      Newtonsoft.Json (>= 13.0.2)
    Google.Api.Gax.Grpc (4.3.1)
      Google.Api.CommonProtos (>= 2.7)
      Google.Api.Gax (>= 4.3.1)
      Google.Apis.Auth (>= 1.58 < 2.0)
      Grpc.Auth (>= 2.51 < 3.0)
      Grpc.Core.Api (>= 2.51 < 3.0)
      Grpc.Net.Client (>= 2.51 < 3.0)
      Microsoft.Extensions.DependencyInjection.Abstractions (>= 6.0)
    Google.Apis (1.60)
      Google.Apis.Core (>= 1.60)
    Google.Apis.Auth (1.60)
      Google.Apis (>= 1.60)
      Google.Apis.Core (>= 1.60)
    Google.Apis.Core (1.60)
      Newtonsoft.Json (>= 13.0.2)
    Google.Protobuf (3.22.1)
    Grpc.Auth (2.52)
      Google.Apis.Auth (>= 1.46)
      Grpc.Core.Api (>= 2.52)
    Grpc.Core (2.46.6)
      Grpc.Core.Api (>= 2.46.6)
      System.Memory (>= 4.5.3)
    Grpc.Core.Api (2.52)
      System.Memory (>= 4.5.3)
    Grpc.Net.Client (2.52)
      Grpc.Net.Common (>= 2.52)
      Microsoft.Extensions.Logging.Abstractions (>= 3.0.3)
    Grpc.Net.Common (2.52)
      Grpc.Core.Api (>= 2.52)
    Grpc.Tools (2.53)
    Microsoft.Bcl.AsyncInterfaces (7.0)
    Microsoft.Extensions.Configuration (7.0)
      Microsoft.Extensions.Configuration.Abstractions (>= 7.0)
      Microsoft.Extensions.Primitives (>= 7.0)
    Microsoft.Extensions.Configuration.Abstractions (7.0)
      Microsoft.Extensions.Primitives (>= 7.0)
    Microsoft.Extensions.DependencyInjection.Abstractions (7.0)
    Microsoft.Extensions.Logging.Abstractions (7.0)
    Microsoft.Extensions.Primitives (7.0)
    microsoft.netcore.app.ref (7.0.4)
    Microsoft.NETCore.App.Runtime.linux-x64 (7.0.4)
    Microsoft.NETCore.App.Runtime.osx-x64 (7.0.4)
    Microsoft.NETCore.App.Runtime.win-x64 (7.0.4)
    Newtonsoft.Json (13.0.3)
    System.Memory (4.5.5)
